{
  "version": 4,
  "terraform_version": "1.0.0",
  "serial": 7,
  "lineage": "f493b228-aa65-15a6-34d4-a416a465d855",
  "outputs": {},
  "resources": [
    {
      "mode": "managed",
      "type": "google_container_cluster",
      "name": "primary",
      "provider": "provider[\"registry.terraform.io/hashicorp/google\"]",
      "instances": [
        {
          "schema_version": 1,
          "attributes": {
            "addons_config": [
              {
                "cloudrun_config": [],
                "horizontal_pod_autoscaling": [],
                "http_load_balancing": [],
                "network_policy_config": [
                  {
                    "disabled": true
                  }
                ]
              }
            ],
            "authenticator_groups_config": [],
            "cluster_autoscaling": [
              {
                "auto_provisioning_defaults": [
                  {
                    "oauth_scopes": [
                      "https://www.googleapis.com/auth/devstorage.read_only",
                      "https://www.googleapis.com/auth/logging.write",
                      "https://www.googleapis.com/auth/monitoring",
                      "https://www.googleapis.com/auth/service.management.readonly",
                      "https://www.googleapis.com/auth/servicecontrol",
                      "https://www.googleapis.com/auth/trace.append"
                    ],
                    "service_account": "default"
                  }
                ],
                "enabled": true,
                "resource_limits": [
                  {
                    "maximum": 6400,
                    "minimum": 1,
                    "resource_type": "cpu"
                  },
                  {
                    "maximum": 51200,
                    "minimum": 1,
                    "resource_type": "memory"
                  }
                ]
              }
            ],
            "cluster_ipv4_cidr": "10.97.128.0/17",
            "database_encryption": [
              {
                "key_name": "",
                "state": "DECRYPTED"
              }
            ],
            "datapath_provider": "",
            "default_max_pods_per_node": 110,
            "default_snat_status": [
              {
                "disabled": false
              }
            ],
            "description": "",
            "enable_autopilot": true,
            "enable_binary_authorization": false,
            "enable_intranode_visibility": true,
            "enable_kubernetes_alpha": false,
            "enable_legacy_abac": false,
            "enable_shielded_nodes": true,
            "enable_tpu": false,
            "endpoint": "34.89.179.10",
            "id": "projects/platform-infrastructure-316112/locations/europe-west3/clusters/k8s-test-cluster",
            "initial_node_count": 0,
            "instance_group_urls": [],
            "ip_allocation_policy": [
              {
                "cluster_ipv4_cidr_block": "10.97.128.0/17",
                "cluster_secondary_range_name": "gke-k8s-test-cluster-pods-b5592aa3",
                "services_ipv4_cidr_block": "10.98.0.0/22",
                "services_secondary_range_name": "gke-k8s-test-cluster-services-b5592aa3"
              }
            ],
            "label_fingerprint": "a9dc16a7",
            "location": "europe-west3",
            "logging_service": "logging.googleapis.com/kubernetes",
            "maintenance_policy": [],
            "master_auth": [
              {
                "client_certificate": "",
                "client_certificate_config": [
                  {
                    "issue_client_certificate": false
                  }
                ],
                "client_key": "",
                "cluster_ca_certificate": "LS0tLS1CRUdJTiBDRVJUSUZJQ0FURS0tLS0tCk1JSURLekNDQWhPZ0F3SUJBZ0lSQUt1UXo1dm9JQjJreG4rVVJVK1hjb2N3RFFZSktvWklodmNOQVFFTEJRQXcKTHpFdE1Dc0dBMVVFQXhNa01UTmpPV0ZrTUdFdFkyUTRaaTAwWW1ReExUazJNVGt0WVRBM01EQmhaakExWkRVMApNQjRYRFRJeE1EWXhNVEV4TkRFMU5Wb1hEVEkyTURZeE1ERXlOREUxTlZvd0x6RXRNQ3NHQTFVRUF4TWtNVE5qCk9XRmtNR0V0WTJRNFppMDBZbVF4TFRrMk1Ua3RZVEEzTURCaFpqQTFaRFUwTUlJQklqQU5CZ2txaGtpRzl3MEIKQVFFRkFBT0NBUThBTUlJQkNnS0NBUUVBMXFJKzdVYkNZU1RhZE5OOVpIOWcrR1ZhUHZiaTBwWDhWT3JNTlFBUQpHSldURXM3Wmh5bUF0blg2dHhReHg2UkRRWG1OM3BJMFpUUnZHb3o1aHkwRDFVRyt6NjRIRFB4TGhKZFUvTGk4CklCT1ZUTVJvcDZzTDBOTkJuWTg0VmJVM0hsdldQQzdMNmw5dzcwelVxcUFnajNzaXlrSDRHSElmMCtwVDA1N3IKV3k4SEwrdHVpdzZIV2xrTjdIcXNpN3NscFBQdk1ITlVXcGd6Uk9ueXhnUFUxMFVlUTdIWHcrOWk4OWNOZjFzcwp6a0RtdVBnU01SRWc2SG1LVEpjeVJjZ0h4L0JZRjV2N1dzb0hXYzRLT2dXVWJjVk9kY21Zb3EwVmVFbmNGYnJNCnk5cCtRTTgvSE5Nb2lmVUIySWcvWHZrVXYzUnRSd3FvaWxTdVZPSktBZFIxbndJREFRQUJvMEl3UURBT0JnTlYKSFE4QkFmOEVCQU1DQWdRd0R3WURWUjBUQVFIL0JBVXdBd0VCL3pBZEJnTlZIUTRFRmdRVUhNU1NaWVlWTnFiRAp4bllvVURWTGtLNkJoRnd3RFFZSktvWklodmNOQVFFTEJRQURnZ0VCQUZINzFRNlEwbmsxck1SeFY1RWllck8rClRmazRaQ0JrZ0c0c3E1WjdVTlErRHhSNDNZSG9pK2p1b05nMXVxNHVReUorK0RyWVM1UDU4OFRjeWtPUlFwN28KaC8xZGJYWDdHZmJaVjFpekhxMTU2YmxzMzJCcTZDYWh1cVlEQWgvbi9vT2JqVUdYU1A3OG83VjZmQm1JQkhudgplL1VXQ1ZZNmUwR09xYW1QUWw5MlFaOGJkdXh2ZkRyRWtRdGU5dWtuaTdCWjM3cDB3bFp6blpjTCt3K0k0M3RmClJRcGd3MzFqbnhGejdneHMxeUpLWHRGUkRsYXdwTGp2TXA2YU9vM0RIcWdLZnFyVFNLUG1EN08zTXBUYjhsZzgKMFJTcURsZXZQUTBzdDlEd3p5MnhBVUJUaVJhY2wveTJKQURvLzFWY1YvMW5sRi9LaTlpcWJ3RUlHREVyekYwPQotLS0tLUVORCBDRVJUSUZJQ0FURS0tLS0tCg==",
                "password": "",
                "username": ""
              }
            ],
            "master_authorized_networks_config": [],
            "master_version": "1.19.9-gke.1900",
            "min_master_version": null,
            "monitoring_service": "monitoring.googleapis.com/kubernetes",
            "name": "k8s-test-cluster",
            "network": "projects/platform-infrastructure-316112/global/networks/default",
            "network_policy": [
              {
                "enabled": false,
                "provider": "PROVIDER_UNSPECIFIED"
              }
            ],
            "networking_mode": "VPC_NATIVE",
            "node_config": [
              {
                "disk_size_gb": 100,
                "disk_type": "pd-standard",
                "guest_accelerator": [],
                "image_type": "COS_CONTAINERD",
                "labels": {},
                "local_ssd_count": 0,
                "machine_type": "e2-medium",
                "metadata": {
                  "disable-legacy-endpoints": "true"
                },
                "min_cpu_platform": "",
                "oauth_scopes": [
                  "https://www.googleapis.com/auth/devstorage.read_only",
                  "https://www.googleapis.com/auth/logging.write",
                  "https://www.googleapis.com/auth/monitoring",
                  "https://www.googleapis.com/auth/service.management.readonly",
                  "https://www.googleapis.com/auth/servicecontrol",
                  "https://www.googleapis.com/auth/trace.append"
                ],
                "preemptible": false,
                "service_account": "default",
                "shielded_instance_config": [
                  {
                    "enable_integrity_monitoring": true,
                    "enable_secure_boot": true
                  }
                ],
                "tags": [],
                "taint": [],
                "workload_metadata_config": [
                  {
                    "node_metadata": "GKE_METADATA_SERVER"
                  }
                ]
              }
            ],
            "node_locations": [
              "europe-west3-a",
              "europe-west3-b",
              "europe-west3-c"
            ],
            "node_pool": [
              {
                "autoscaling": [
                  {
                    "max_node_count": 1000,
                    "min_node_count": 0
                  }
                ],
                "initial_node_count": 1,
                "instance_group_urls": [],
                "management": [
                  {
                    "auto_repair": true,
                    "auto_upgrade": true
                  }
                ],
                "max_pods_per_node": 32,
                "name": "default-pool",
                "name_prefix": "",
                "node_config": [
                  {
                    "disk_size_gb": 100,
                    "disk_type": "pd-standard",
                    "guest_accelerator": [],
                    "image_type": "COS_CONTAINERD",
                    "labels": {},
                    "local_ssd_count": 0,
                    "machine_type": "e2-medium",
                    "metadata": {
                      "disable-legacy-endpoints": "true"
                    },
                    "min_cpu_platform": "",
                    "oauth_scopes": [
                      "https://www.googleapis.com/auth/devstorage.read_only",
                      "https://www.googleapis.com/auth/logging.write",
                      "https://www.googleapis.com/auth/monitoring",
                      "https://www.googleapis.com/auth/service.management.readonly",
                      "https://www.googleapis.com/auth/servicecontrol",
                      "https://www.googleapis.com/auth/trace.append"
                    ],
                    "preemptible": false,
                    "service_account": "default",
                    "shielded_instance_config": [
                      {
                        "enable_integrity_monitoring": true,
                        "enable_secure_boot": true
                      }
                    ],
                    "tags": [],
                    "taint": [],
                    "workload_metadata_config": [
                      {
                        "node_metadata": "GKE_METADATA_SERVER"
                      }
                    ]
                  }
                ],
                "node_count": 0,
                "node_locations": [
                  "europe-west3-a",
                  "europe-west3-c"
                ],
                "upgrade_settings": [
                  {
                    "max_surge": 1,
                    "max_unavailable": 0
                  }
                ],
                "version": "1.19.9-gke.1900"
              }
            ],
            "node_version": "1.19.9-gke.1900",
            "operation": null,
            "pod_security_policy_config": [],
            "private_cluster_config": [],
            "private_ipv6_google_access": "",
            "project": "platform-infrastructure-316112",
            "release_channel": [
              {
                "channel": "REGULAR"
              }
            ],
            "remove_default_node_pool": null,
            "resource_labels": null,
            "resource_usage_export_config": [],
            "self_link": "https://container.googleapis.com/v1beta1/projects/platform-infrastructure-316112/locations/europe-west3/clusters/k8s-test-cluster",
            "services_ipv4_cidr": "10.98.0.0/22",
            "subnetwork": "projects/platform-infrastructure-316112/regions/europe-west3/subnetworks/default",
            "timeouts": null,
            "tpu_ipv4_cidr_block": "",
            "vertical_pod_autoscaling": [
              {
                "enabled": true
              }
            ],
            "workload_identity_config": [
              {
                "identity_namespace": "platform-infrastructure-316112.svc.id.goog"
              }
            ]
          },
          "sensitive_attributes": [],
          "private": "eyJlMmJmYjczMC1lY2FhLTExZTYtOGY4OC0zNDM2M2JjN2M0YzAiOnsiY3JlYXRlIjoyNDAwMDAwMDAwMDAwLCJkZWxldGUiOjI0MDAwMDAwMDAwMDAsInJlYWQiOjI0MDAwMDAwMDAwMDAsInVwZGF0ZSI6MzYwMDAwMDAwMDAwMH0sInNjaGVtYV92ZXJzaW9uIjoiMSJ9"
        }
      ]
    }
  ]
}
